
Microsoft Visual Studio Solution File, Format Version 12.00
# Visual Studio Version 17
VisualStudioVersion = 17.3.32819.101
MinimumVisualStudioVersion = 10.0.40219.1
Project("{FAE04EC0-301F-11D3-BF4B-00C04F79EFBC}") = "RISTORANTE", "RISTORANTE\RISTORANTE.csproj", "{A53DA474-578B-4D4D-930C-1B73175E5844}"
EndProject
Global
	GlobalSection(SolutionConfigurationPlatforms) = preSolution
		Debug|Any CPU = Debug|Any CPU
		Release|Any CPU = Release|Any CPU
	EndGlobalSection
	GlobalSection(ProjectConfigurationPlatforms) = postSolution
		{A53DA474-578B-4D4D-930C-1B73175E5844}.Debug|Any CPU.ActiveCfg = Debug|Any CPU
		{A53DA474-578B-4D4D-930C-1B73175E5844}.Debug|Any CPU.Build.0 = Debug|Any CPU
		{A53DA474-578B-4D4D-930C-1B73175E5844}.Release|Any CPU.ActiveCfg = Release|Any CPU
		{A53DA474-578B-4D4D-930C-1B73175E5844}.Release|Any CPU.Build.0 = Release|Any CPU
	EndGlobalSection
	GlobalSection(SolutionProperties) = preSolution
		HideSolutionNode = FALSE
	EndGlobalSection
	GlobalSection(ExtensibilityGlobals) = postSolution
		SolutionGuid = {C8A89D73-8A0C-4E27-AF97-9340D4C3F8DA}
	EndGlobalSection
EndGlobal
